
Microsoft Visual Studio Solution File, Format Version 12.00
# Visual Studio Version 17
VisualStudioVersion = 17.2.32616.157
MinimumVisualStudioVersion = 10.0.40219.1
Project("{2150E333-8FDC-42A3-9474-1A3956D46DE8}") = "Services", "Services", "{EA61AB34-E084-4EDD-93EE-A1DAA69ED1BA}"
EndProject
Project("{2150E333-8FDC-42A3-9474-1A3956D46DE8}") = "Catalog", "Catalog", "{D8FA9F61-A61B-4BF4-BED3-6D844745F9FC}"
EndProject
Project("{9A19103F-16F7-4668-BE54-9A1E7A4F7556}") = "Catalog.API", "Services\Catalog\Catalog.API\Catalog.API.csproj", "{2F287AE2-7D49-4FED-97E8-6667F392C7C8}"
EndProject
Project("{E53339B2-1760-4266-BCC7-CA923CBCF16C}") = "docker-compose", "docker-compose.dcproj", "{BA3C37D8-FDD3-4AD8-8E41-AFE01F6049B8}"
EndProject
Project("{2150E333-8FDC-42A3-9474-1A3956D46DE8}") = "Basket", "Basket", "{AFBAEFFC-0A7F-4143-8F11-3E8A6847DB68}"
EndProject
Project("{9A19103F-16F7-4668-BE54-9A1E7A4F7556}") = "Basket.API", "Services\Basket\Basket.API\Basket.API.csproj", "{5501D581-37BA-42A8-BA35-FD2307605FE3}"
EndProject
Project("{2150E333-8FDC-42A3-9474-1A3956D46DE8}") = "Discount", "Discount", "{54F45527-7E72-440E-A46D-817909EB8F14}"
EndProject
Project("{9A19103F-16F7-4668-BE54-9A1E7A4F7556}") = "Discount.API", "Services\Discount\Discount.API\Discount.API.csproj", "{DC5F743F-9CA9-4619-917D-DBC647E0EF31}"
EndProject
Project("{9A19103F-16F7-4668-BE54-9A1E7A4F7556}") = "Discount.Grpc", "Services\Discount\Discount.Grpc\Discount.Grpc.csproj", "{23E41497-8E09-47E2-98CB-C3E330E097CD}"
EndProject
Project("{2150E333-8FDC-42A3-9474-1A3956D46DE8}") = "Ordering", "Ordering", "{12C571B0-CB7F-4B7D-8E6E-8120FB4E0798}"
EndProject
Project("{FAE04EC0-301F-11D3-BF4B-00C04F79EFBC}") = "Ordering.API", "Services\Ordering\Ordering.API\Ordering.API.csproj", "{1E61A1D9-DAE5-4AE2-B753-4D953E10C166}"
EndProject
Global
	GlobalSection(SolutionConfigurationPlatforms) = preSolution
		Debug|Any CPU = Debug|Any CPU
		Release|Any CPU = Release|Any CPU
	EndGlobalSection
	GlobalSection(ProjectConfigurationPlatforms) = postSolution
		{2F287AE2-7D49-4FED-97E8-6667F392C7C8}.Debug|Any CPU.ActiveCfg = Debug|Any CPU
		{2F287AE2-7D49-4FED-97E8-6667F392C7C8}.Debug|Any CPU.Build.0 = Debug|Any CPU
		{2F287AE2-7D49-4FED-97E8-6667F392C7C8}.Release|Any CPU.ActiveCfg = Release|Any CPU
		{2F287AE2-7D49-4FED-97E8-6667F392C7C8}.Release|Any CPU.Build.0 = Release|Any CPU
		{BA3C37D8-FDD3-4AD8-8E41-AFE01F6049B8}.Debug|Any CPU.ActiveCfg = Debug|Any CPU
		{BA3C37D8-FDD3-4AD8-8E41-AFE01F6049B8}.Debug|Any CPU.Build.0 = Debug|Any CPU
		{BA3C37D8-FDD3-4AD8-8E41-AFE01F6049B8}.Release|Any CPU.ActiveCfg = Release|Any CPU
		{BA3C37D8-FDD3-4AD8-8E41-AFE01F6049B8}.Release|Any CPU.Build.0 = Release|Any CPU
		{5501D581-37BA-42A8-BA35-FD2307605FE3}.Debug|Any CPU.ActiveCfg = Debug|Any CPU
		{5501D581-37BA-42A8-BA35-FD2307605FE3}.Debug|Any CPU.Build.0 = Debug|Any CPU
		{5501D581-37BA-42A8-BA35-FD2307605FE3}.Release|Any CPU.ActiveCfg = Release|Any CPU
		{5501D581-37BA-42A8-BA35-FD2307605FE3}.Release|Any CPU.Build.0 = Release|Any CPU
		{DC5F743F-9CA9-4619-917D-DBC647E0EF31}.Debug|Any CPU.ActiveCfg = Debug|Any CPU
		{DC5F743F-9CA9-4619-917D-DBC647E0EF31}.Debug|Any CPU.Build.0 = Debug|Any CPU
		{DC5F743F-9CA9-4619-917D-DBC647E0EF31}.Release|Any CPU.ActiveCfg = Release|Any CPU
		{DC5F743F-9CA9-4619-917D-DBC647E0EF31}.Release|Any CPU.Build.0 = Release|Any CPU
		{23E41497-8E09-47E2-98CB-C3E330E097CD}.Debug|Any CPU.ActiveCfg = Debug|Any CPU
		{23E41497-8E09-47E2-98CB-C3E330E097CD}.Debug|Any CPU.Build.0 = Debug|Any CPU
		{23E41497-8E09-47E2-98CB-C3E330E097CD}.Release|Any CPU.ActiveCfg = Release|Any CPU
		{23E41497-8E09-47E2-98CB-C3E330E097CD}.Release|Any CPU.Build.0 = Release|Any CPU
		{1E61A1D9-DAE5-4AE2-B753-4D953E10C166}.Debug|Any CPU.ActiveCfg = Debug|Any CPU
		{1E61A1D9-DAE5-4AE2-B753-4D953E10C166}.Debug|Any CPU.Build.0 = Debug|Any CPU
		{1E61A1D9-DAE5-4AE2-B753-4D953E10C166}.Release|Any CPU.ActiveCfg = Release|Any CPU
		{1E61A1D9-DAE5-4AE2-B753-4D953E10C166}.Release|Any CPU.Build.0 = Release|Any CPU
	EndGlobalSection
	GlobalSection(SolutionProperties) = preSolution
		HideSolutionNode = FALSE
	EndGlobalSection
	GlobalSection(NestedProjects) = preSolution
		{D8FA9F61-A61B-4BF4-BED3-6D844745F9FC} = {EA61AB34-E084-4EDD-93EE-A1DAA69ED1BA}
		{2F287AE2-7D49-4FED-97E8-6667F392C7C8} = {D8FA9F61-A61B-4BF4-BED3-6D844745F9FC}
		{AFBAEFFC-0A7F-4143-8F11-3E8A6847DB68} = {EA61AB34-E084-4EDD-93EE-A1DAA69ED1BA}
		{5501D581-37BA-42A8-BA35-FD2307605FE3} = {AFBAEFFC-0A7F-4143-8F11-3E8A6847DB68}
		{54F45527-7E72-440E-A46D-817909EB8F14} = {EA61AB34-E084-4EDD-93EE-A1DAA69ED1BA}
		{DC5F743F-9CA9-4619-917D-DBC647E0EF31} = {54F45527-7E72-440E-A46D-817909EB8F14}
		{23E41497-8E09-47E2-98CB-C3E330E097CD} = {54F45527-7E72-440E-A46D-817909EB8F14}
		{12C571B0-CB7F-4B7D-8E6E-8120FB4E0798} = {EA61AB34-E084-4EDD-93EE-A1DAA69ED1BA}
		{1E61A1D9-DAE5-4AE2-B753-4D953E10C166} = {12C571B0-CB7F-4B7D-8E6E-8120FB4E0798}
	EndGlobalSection
	GlobalSection(ExtensibilityGlobals) = postSolution
		SolutionGuid = {DFFE2259-E9D1-4574-844F-B8ECDAE0505F}
	EndGlobalSection
EndGlobal
